
Microsoft Visual Studio Solution File, Format Version 12.00
# Visual Studio 15
VisualStudioVersion = 15.0.26730.16
MinimumVisualStudioVersion = 10.0.40219.1
Project("{FAE04EC0-301F-11D3-BF4B-00C04F79EFBC}") = "VA.AutoHotkey.Interop", "VA.AutoHotkey.Interop\VA.AutoHotkey.Interop.csproj", "{156506D1-C8AF-4BC2-AB34-42EF27605EE9}"
EndProject
Project("{FAE04EC0-301F-11D3-BF4B-00C04F79EFBC}") = "Examples", "Examples\Examples.csproj", "{B5A5297D-EA2F-4952-9476-97A84A788C84}"
	ProjectSection(ProjectDependencies) = postProject
		{156506D1-C8AF-4BC2-AB34-42EF27605EE9} = {156506D1-C8AF-4BC2-AB34-42EF27605EE9}
	EndProjectSection
EndProject
Global
	GlobalSection(SolutionConfigurationPlatforms) = preSolution
		Debug|Any CPU = Debug|Any CPU
		Release|Any CPU = Release|Any CPU
	EndGlobalSection
	GlobalSection(ProjectConfigurationPlatforms) = postSolution
		{156506D1-C8AF-4BC2-AB34-42EF27605EE9}.Debug|Any CPU.ActiveCfg = Debug|Any CPU
		{156506D1-C8AF-4BC2-AB34-42EF27605EE9}.Debug|Any CPU.Build.0 = Debug|Any CPU
		{156506D1-C8AF-4BC2-AB34-42EF27605EE9}.Release|Any CPU.ActiveCfg = Release|Any CPU
		{156506D1-C8AF-4BC2-AB34-42EF27605EE9}.Release|Any CPU.Build.0 = Release|Any CPU
		{B5A5297D-EA2F-4952-9476-97A84A788C84}.Debug|Any CPU.ActiveCfg = Debug|Any CPU
		{B5A5297D-EA2F-4952-9476-97A84A788C84}.Debug|Any CPU.Build.0 = Debug|Any CPU
		{B5A5297D-EA2F-4952-9476-97A84A788C84}.Release|Any CPU.ActiveCfg = Release|Any CPU
		{B5A5297D-EA2F-4952-9476-97A84A788C84}.Release|Any CPU.Build.0 = Release|Any CPU
	EndGlobalSection
	GlobalSection(SolutionProperties) = preSolution
		HideSolutionNode = FALSE
	EndGlobalSection
	GlobalSection(ExtensibilityGlobals) = postSolution
		SolutionGuid = {118FC903-23E6-4B51-BC64-3547F4724FC9}
	EndGlobalSection
EndGlobal
